
Microsoft Visual Studio Solution File, Format Version 12.00
# Visual Studio Version 17
VisualStudioVersion = 17.0.31903.59
MinimumVisualStudioVersion = 10.0.40219.1
Project("{2150E333-8FDC-42A3-9474-1A3956D46DE8}") = "src", "src", "{827E0CD3-B72D-47B6-A68D-7590B98EB39B}"
EndProject
Project("{FAE04EC0-301F-11D3-BF4B-00C04F79EFBC}") = "RG.ZeroMapper", "src\RG.ZeroMapper\RG.ZeroMapper.csproj", "{4CCE0AA4-D5A4-43FB-803B-8DE14DA530DA}"
EndProject
Project("{2150E333-8FDC-42A3-9474-1A3956D46DE8}") = "samples", "samples", "{5D20AA90-6969-D8BD-9DCD-8634F4692FDA}"
EndProject
Project("{FAE04EC0-301F-11D3-BF4B-00C04F79EFBC}") = "BasicSample", "samples\BasicSample\BasicSample.csproj", "{F4E33B6D-05DF-40A2-9DDE-710C5CD57C79}"
EndProject
Project("{FAE04EC0-301F-11D3-BF4B-00C04F79EFBC}") = "RG.ZeroMapper.Structural", "src\RG.ZeroMapper.Structural\RG.ZeroMapper.Structural.csproj", "{3975766C-CE48-4355-808F-643DA71939BE}"
EndProject
Project("{2150E333-8FDC-42A3-9474-1A3956D46DE8}") = "tests", "tests", "{0AB3BF05-4346-4AA6-1389-037BE0695223}"
EndProject
Project("{FAE04EC0-301F-11D3-BF4B-00C04F79EFBC}") = "RG.ZeroMapper.Tests", "tests\RG.ZeroMapper.Tests\RG.ZeroMapper.Tests.csproj", "{B2113FA8-06AD-4A3F-8CDD-9227BB19C718}"
EndProject
Project("{FAE04EC0-301F-11D3-BF4B-00C04F79EFBC}") = "StructuralSample", "samples\StructuralSample\StructuralSample.csproj", "{D30B7D88-A377-4B29-9031-A11597750227}"
EndProject
Project("{FAE04EC0-301F-11D3-BF4B-00C04F79EFBC}") = "RG.ZeroMapper.Structural.Tests", "tests\RG.ZeroMapper.Structural.Tests\RG.ZeroMapper.Structural.Tests.csproj", "{002E8388-F78A-4775-A425-ACFF4FAA7023}"
EndProject
Project("{FAE04EC0-301F-11D3-BF4B-00C04F79EFBC}") = "RG.ZeroMapper.Structural.Abstractions", "src\RG.ZeroMapper.Structural.Abstractions\RG.ZeroMapper.Structural.Abstractions.csproj", "{D24F105E-338A-45B6-87F3-6AE2033F5B90}"
EndProject
Global
	GlobalSection(SolutionConfigurationPlatforms) = preSolution
		Debug|Any CPU = Debug|Any CPU
		Debug|x64 = Debug|x64
		Debug|x86 = Debug|x86
		Release|Any CPU = Release|Any CPU
		Release|x64 = Release|x64
		Release|x86 = Release|x86
	EndGlobalSection
	GlobalSection(ProjectConfigurationPlatforms) = postSolution
		{4CCE0AA4-D5A4-43FB-803B-8DE14DA530DA}.Debug|Any CPU.ActiveCfg = Debug|Any CPU
		{4CCE0AA4-D5A4-43FB-803B-8DE14DA530DA}.Debug|Any CPU.Build.0 = Debug|Any CPU
		{4CCE0AA4-D5A4-43FB-803B-8DE14DA530DA}.Debug|x64.ActiveCfg = Debug|Any CPU
		{4CCE0AA4-D5A4-43FB-803B-8DE14DA530DA}.Debug|x64.Build.0 = Debug|Any CPU
		{4CCE0AA4-D5A4-43FB-803B-8DE14DA530DA}.Debug|x86.ActiveCfg = Debug|Any CPU
		{4CCE0AA4-D5A4-43FB-803B-8DE14DA530DA}.Debug|x86.Build.0 = Debug|Any CPU
		{4CCE0AA4-D5A4-43FB-803B-8DE14DA530DA}.Release|Any CPU.ActiveCfg = Release|Any CPU
		{4CCE0AA4-D5A4-43FB-803B-8DE14DA530DA}.Release|Any CPU.Build.0 = Release|Any CPU
		{4CCE0AA4-D5A4-43FB-803B-8DE14DA530DA}.Release|x64.ActiveCfg = Release|Any CPU
		{4CCE0AA4-D5A4-43FB-803B-8DE14DA530DA}.Release|x64.Build.0 = Release|Any CPU
		{4CCE0AA4-D5A4-43FB-803B-8DE14DA530DA}.Release|x86.ActiveCfg = Release|Any CPU
		{4CCE0AA4-D5A4-43FB-803B-8DE14DA530DA}.Release|x86.Build.0 = Release|Any CPU
		{F4E33B6D-05DF-40A2-9DDE-710C5CD57C79}.Debug|Any CPU.ActiveCfg = Debug|Any CPU
		{F4E33B6D-05DF-40A2-9DDE-710C5CD57C79}.Debug|Any CPU.Build.0 = Debug|Any CPU
		{F4E33B6D-05DF-40A2-9DDE-710C5CD57C79}.Debug|x64.ActiveCfg = Debug|Any CPU
		{F4E33B6D-05DF-40A2-9DDE-710C5CD57C79}.Debug|x64.Build.0 = Debug|Any CPU
		{F4E33B6D-05DF-40A2-9DDE-710C5CD57C79}.Debug|x86.ActiveCfg = Debug|Any CPU
		{F4E33B6D-05DF-40A2-9DDE-710C5CD57C79}.Debug|x86.Build.0 = Debug|Any CPU
		{F4E33B6D-05DF-40A2-9DDE-710C5CD57C79}.Release|Any CPU.ActiveCfg = Release|Any CPU
		{F4E33B6D-05DF-40A2-9DDE-710C5CD57C79}.Release|Any CPU.Build.0 = Release|Any CPU
		{F4E33B6D-05DF-40A2-9DDE-710C5CD57C79}.Release|x64.ActiveCfg = Release|Any CPU
		{F4E33B6D-05DF-40A2-9DDE-710C5CD57C79}.Release|x64.Build.0 = Release|Any CPU
		{F4E33B6D-05DF-40A2-9DDE-710C5CD57C79}.Release|x86.ActiveCfg = Release|Any CPU
		{F4E33B6D-05DF-40A2-9DDE-710C5CD57C79}.Release|x86.Build.0 = Release|Any CPU
		{3975766C-CE48-4355-808F-643DA71939BE}.Debug|Any CPU.ActiveCfg = Debug|Any CPU
		{3975766C-CE48-4355-808F-643DA71939BE}.Debug|Any CPU.Build.0 = Debug|Any CPU
		{3975766C-CE48-4355-808F-643DA71939BE}.Debug|x64.ActiveCfg = Debug|Any CPU
		{3975766C-CE48-4355-808F-643DA71939BE}.Debug|x64.Build.0 = Debug|Any CPU
		{3975766C-CE48-4355-808F-643DA71939BE}.Debug|x86.ActiveCfg = Debug|Any CPU
		{3975766C-CE48-4355-808F-643DA71939BE}.Debug|x86.Build.0 = Debug|Any CPU
		{3975766C-CE48-4355-808F-643DA71939BE}.Release|Any CPU.ActiveCfg = Release|Any CPU
		{3975766C-CE48-4355-808F-643DA71939BE}.Release|Any CPU.Build.0 = Release|Any CPU
		{3975766C-CE48-4355-808F-643DA71939BE}.Release|x64.ActiveCfg = Release|Any CPU
		{3975766C-CE48-4355-808F-643DA71939BE}.Release|x64.Build.0 = Release|Any CPU
		{3975766C-CE48-4355-808F-643DA71939BE}.Release|x86.ActiveCfg = Release|Any CPU
		{3975766C-CE48-4355-808F-643DA71939BE}.Release|x86.Build.0 = Release|Any CPU
		{B2113FA8-06AD-4A3F-8CDD-9227BB19C718}.Debug|Any CPU.ActiveCfg = Debug|Any CPU
		{B2113FA8-06AD-4A3F-8CDD-9227BB19C718}.Debug|Any CPU.Build.0 = Debug|Any CPU
		{B2113FA8-06AD-4A3F-8CDD-9227BB19C718}.Debug|x64.ActiveCfg = Debug|Any CPU
		{B2113FA8-06AD-4A3F-8CDD-9227BB19C718}.Debug|x64.Build.0 = Debug|Any CPU
		{B2113FA8-06AD-4A3F-8CDD-9227BB19C718}.Debug|x86.ActiveCfg = Debug|Any CPU
		{B2113FA8-06AD-4A3F-8CDD-9227BB19C718}.Debug|x86.Build.0 = Debug|Any CPU
		{B2113FA8-06AD-4A3F-8CDD-9227BB19C718}.Release|Any CPU.ActiveCfg = Release|Any CPU
		{B2113FA8-06AD-4A3F-8CDD-9227BB19C718}.Release|Any CPU.Build.0 = Release|Any CPU
		{B2113FA8-06AD-4A3F-8CDD-9227BB19C718}.Release|x64.ActiveCfg = Release|Any CPU
		{B2113FA8-06AD-4A3F-8CDD-9227BB19C718}.Release|x64.Build.0 = Release|Any CPU
		{B2113FA8-06AD-4A3F-8CDD-9227BB19C718}.Release|x86.ActiveCfg = Release|Any CPU
		{B2113FA8-06AD-4A3F-8CDD-9227BB19C718}.Release|x86.Build.0 = Release|Any CPU
		{D30B7D88-A377-4B29-9031-A11597750227}.Debug|Any CPU.ActiveCfg = Debug|Any CPU
		{D30B7D88-A377-4B29-9031-A11597750227}.Debug|Any CPU.Build.0 = Debug|Any CPU
		{D30B7D88-A377-4B29-9031-A11597750227}.Debug|x64.ActiveCfg = Debug|Any CPU
		{D30B7D88-A377-4B29-9031-A11597750227}.Debug|x64.Build.0 = Debug|Any CPU
		{D30B7D88-A377-4B29-9031-A11597750227}.Debug|x86.ActiveCfg = Debug|Any CPU
		{D30B7D88-A377-4B29-9031-A11597750227}.Debug|x86.Build.0 = Debug|Any CPU
		{D30B7D88-A377-4B29-9031-A11597750227}.Release|Any CPU.ActiveCfg = Release|Any CPU
		{D30B7D88-A377-4B29-9031-A11597750227}.Release|Any CPU.Build.0 = Release|Any CPU
		{D30B7D88-A377-4B29-9031-A11597750227}.Release|x64.ActiveCfg = Release|Any CPU
		{D30B7D88-A377-4B29-9031-A11597750227}.Release|x64.Build.0 = Release|Any CPU
		{D30B7D88-A377-4B29-9031-A11597750227}.Release|x86.ActiveCfg = Release|Any CPU
		{D30B7D88-A377-4B29-9031-A11597750227}.Release|x86.Build.0 = Release|Any CPU
		{002E8388-F78A-4775-A425-ACFF4FAA7023}.Debug|Any CPU.ActiveCfg = Debug|Any CPU
		{002E8388-F78A-4775-A425-ACFF4FAA7023}.Debug|Any CPU.Build.0 = Debug|Any CPU
		{002E8388-F78A-4775-A425-ACFF4FAA7023}.Debug|x64.ActiveCfg = Debug|Any CPU
		{002E8388-F78A-4775-A425-ACFF4FAA7023}.Debug|x64.Build.0 = Debug|Any CPU
		{002E8388-F78A-4775-A425-ACFF4FAA7023}.Debug|x86.ActiveCfg = Debug|Any CPU
		{002E8388-F78A-4775-A425-ACFF4FAA7023}.Debug|x86.Build.0 = Debug|Any CPU
		{002E8388-F78A-4775-A425-ACFF4FAA7023}.Release|Any CPU.ActiveCfg = Release|Any CPU
		{002E8388-F78A-4775-A425-ACFF4FAA7023}.Release|Any CPU.Build.0 = Release|Any CPU
		{002E8388-F78A-4775-A425-ACFF4FAA7023}.Release|x64.ActiveCfg = Release|Any CPU
		{002E8388-F78A-4775-A425-ACFF4FAA7023}.Release|x64.Build.0 = Release|Any CPU
		{002E8388-F78A-4775-A425-ACFF4FAA7023}.Release|x86.ActiveCfg = Release|Any CPU
		{002E8388-F78A-4775-A425-ACFF4FAA7023}.Release|x86.Build.0 = Release|Any CPU
		{D24F105E-338A-45B6-87F3-6AE2033F5B90}.Debug|Any CPU.ActiveCfg = Debug|Any CPU
		{D24F105E-338A-45B6-87F3-6AE2033F5B90}.Debug|Any CPU.Build.0 = Debug|Any CPU
		{D24F105E-338A-45B6-87F3-6AE2033F5B90}.Debug|x64.ActiveCfg = Debug|Any CPU
		{D24F105E-338A-45B6-87F3-6AE2033F5B90}.Debug|x64.Build.0 = Debug|Any CPU
		{D24F105E-338A-45B6-87F3-6AE2033F5B90}.Debug|x86.ActiveCfg = Debug|Any CPU
		{D24F105E-338A-45B6-87F3-6AE2033F5B90}.Debug|x86.Build.0 = Debug|Any CPU
		{D24F105E-338A-45B6-87F3-6AE2033F5B90}.Release|Any CPU.ActiveCfg = Release|Any CPU
		{D24F105E-338A-45B6-87F3-6AE2033F5B90}.Release|Any CPU.Build.0 = Release|Any CPU
		{D24F105E-338A-45B6-87F3-6AE2033F5B90}.Release|x64.ActiveCfg = Release|Any CPU
		{D24F105E-338A-45B6-87F3-6AE2033F5B90}.Release|x64.Build.0 = Release|Any CPU
		{D24F105E-338A-45B6-87F3-6AE2033F5B90}.Release|x86.ActiveCfg = Release|Any CPU
		{D24F105E-338A-45B6-87F3-6AE2033F5B90}.Release|x86.Build.0 = Release|Any CPU
	EndGlobalSection
	GlobalSection(SolutionProperties) = preSolution
		HideSolutionNode = FALSE
	EndGlobalSection
	GlobalSection(NestedProjects) = preSolution
		{4CCE0AA4-D5A4-43FB-803B-8DE14DA530DA} = {827E0CD3-B72D-47B6-A68D-7590B98EB39B}
		{F4E33B6D-05DF-40A2-9DDE-710C5CD57C79} = {5D20AA90-6969-D8BD-9DCD-8634F4692FDA}
		{3975766C-CE48-4355-808F-643DA71939BE} = {827E0CD3-B72D-47B6-A68D-7590B98EB39B}
		{B2113FA8-06AD-4A3F-8CDD-9227BB19C718} = {0AB3BF05-4346-4AA6-1389-037BE0695223}
		{D30B7D88-A377-4B29-9031-A11597750227} = {5D20AA90-6969-D8BD-9DCD-8634F4692FDA}
		{002E8388-F78A-4775-A425-ACFF4FAA7023} = {0AB3BF05-4346-4AA6-1389-037BE0695223}
		{D24F105E-338A-45B6-87F3-6AE2033F5B90} = {827E0CD3-B72D-47B6-A68D-7590B98EB39B}
	EndGlobalSection
EndGlobal
